
Microsoft Visual Studio Solution File, Format Version 12.00
# Visual Studio Version 16
VisualStudioVersion = 16.0.28803.452
MinimumVisualStudioVersion = 10.0.40219.1
Project("{FAE04EC0-301F-11D3-BF4B-00C04F79EFBC}") = "CLEditor", "CLEditor.csproj", "{BDF7D185-14D7-47DE-B763-69BEC81840AA}"
EndProject
Project("{FAE04EC0-301F-11D3-BF4B-00C04F79EFBC}") = "NodeEditor", "libs\NodeEditor\NodeEditor.csproj", "{2A51D621-3E0D-4293-A2AD-964721BFFF7B}"
EndProject
Global
	GlobalSection(SolutionConfigurationPlatforms) = preSolution
		Debug|Any CPU = Debug|Any CPU
		Release|Any CPU = Release|Any CPU
	EndGlobalSection
	GlobalSection(ProjectConfigurationPlatforms) = postSolution
		{BDF7D185-14D7-47DE-B763-69BEC81840AA}.Debug|Any CPU.ActiveCfg = Debug|Any CPU
		{BDF7D185-14D7-47DE-B763-69BEC81840AA}.Debug|Any CPU.Build.0 = Debug|Any CPU
		{BDF7D185-14D7-47DE-B763-69BEC81840AA}.Release|Any CPU.ActiveCfg = Release|Any CPU
		{BDF7D185-14D7-47DE-B763-69BEC81840AA}.Release|Any CPU.Build.0 = Release|Any CPU
		{2A51D621-3E0D-4293-A2AD-964721BFFF7B}.Debug|Any CPU.ActiveCfg = Debug|Any CPU
		{2A51D621-3E0D-4293-A2AD-964721BFFF7B}.Debug|Any CPU.Build.0 = Debug|Any CPU
		{2A51D621-3E0D-4293-A2AD-964721BFFF7B}.Release|Any CPU.ActiveCfg = Release|Any CPU
		{2A51D621-3E0D-4293-A2AD-964721BFFF7B}.Release|Any CPU.Build.0 = Release|Any CPU
	EndGlobalSection
	GlobalSection(SolutionProperties) = preSolution
		HideSolutionNode = FALSE
	EndGlobalSection
	GlobalSection(ExtensibilityGlobals) = postSolution
		SolutionGuid = {7B9F6A89-4422-44BE-84E6-EA7D7B17662B}
	EndGlobalSection
EndGlobal
